
Microsoft Visual Studio Solution File, Format Version 12.00
# Visual Studio Version 16
VisualStudioVersion = 16.0.30413.136
MinimumVisualStudioVersion = 10.0.40219.1
Project("{FAE04EC0-301F-11D3-BF4B-00C04F79EFBC}") = "ReadMeterApp", "ReadMeterApp\ReadMeterApp.csproj", "{529E4820-34FC-447C-BEE4-53AD8896FC50}"
EndProject
Global
	GlobalSection(SolutionConfigurationPlatforms) = preSolution
		Debug|Any CPU = Debug|Any CPU
		Release|Any CPU = Release|Any CPU
	EndGlobalSection
	GlobalSection(ProjectConfigurationPlatforms) = postSolution
		{529E4820-34FC-447C-BEE4-53AD8896FC50}.Debug|Any CPU.ActiveCfg = Debug|Any CPU
		{529E4820-34FC-447C-BEE4-53AD8896FC50}.Debug|Any CPU.Build.0 = Debug|Any CPU
		{529E4820-34FC-447C-BEE4-53AD8896FC50}.Release|Any CPU.ActiveCfg = Release|Any CPU
		{529E4820-34FC-447C-BEE4-53AD8896FC50}.Release|Any CPU.Build.0 = Release|Any CPU
	EndGlobalSection
	GlobalSection(SolutionProperties) = preSolution
		HideSolutionNode = FALSE
	EndGlobalSection
	GlobalSection(ExtensibilityGlobals) = postSolution
		SolutionGuid = {96DE7D6B-C2B2-494C-940E-3699BACF9019}
	EndGlobalSection
EndGlobal
